
Microsoft Visual Studio Solution File, Format Version 12.00
# Visual Studio 15
VisualStudioVersion = 15.0.28307.329
MinimumVisualStudioVersion = 10.0.40219.1
Project("{2150E333-8FDC-42A3-9474-1A3956D46DE8}") = "Documentation", "Documentation", "{9AE9CD3F-6EE9-44A5-8451-BEACC9B7A2ED}"
	ProjectSection(SolutionItems) = preProject
		Readme.txt = Readme.txt
	EndProjectSection
EndProject
Project("{FAE04EC0-301F-11D3-BF4B-00C04F79EFBC}") = "Shop.Common", "Shop.Common\Shop.Common.csproj", "{F318A1EA-D173-412B-8689-ED72B89176E5}"
EndProject
Project("{2150E333-8FDC-42A3-9474-1A3956D46DE8}") = "Backend", "Backend", "{DCE9320B-E0FA-4DED-A46C-611B47788543}"
EndProject
Project("{2150E333-8FDC-42A3-9474-1A3956D46DE8}") = "Frontend", "Frontend", "{DE271FC9-24B7-4D85-BEEE-14F23206337E}"
EndProject
Project("{FAE04EC0-301F-11D3-BF4B-00C04F79EFBC}") = "Shop.Web", "Shop.Web\Shop.Web.csproj", "{CDBED172-C102-4468-AB57-8D11DCFC7F31}"
EndProject
Project("{2150E333-8FDC-42A3-9474-1A3956D46DE8}") = "Forms", "Forms", "{94D872DE-6F31-4346-979C-05076D5DD2C7}"
EndProject
Project("{2150E333-8FDC-42A3-9474-1A3956D46DE8}") = "Classic", "Classic", "{76DE60B3-AD97-4B97-BF9B-749DA098178C}"
EndProject
Project("{FAE04EC0-301F-11D3-BF4B-00C04F79EFBC}") = "Shop.UIForms.Android", "Shop.UIForms\Shop.UIForms.Android\Shop.UIForms.Android.csproj", "{A9211B63-E325-48ED-9C28-65A7606B8EEB}"
EndProject
Project("{FAE04EC0-301F-11D3-BF4B-00C04F79EFBC}") = "Shop.UIForms.iOS", "Shop.UIForms\Shop.UIForms.iOS\Shop.UIForms.iOS.csproj", "{F83C4337-5554-4BDC-95D2-509B2AEA4583}"
EndProject
Project("{FAE04EC0-301F-11D3-BF4B-00C04F79EFBC}") = "Shop.UIForms", "Shop.UIForms\Shop.UIForms\Shop.UIForms.csproj", "{249A5CCA-C6A8-4287-BA1F-20BA6B6D8D06}"
EndProject
Project("{FAE04EC0-301F-11D3-BF4B-00C04F79EFBC}") = "Shop.UIClassic", "Shop.UIClassic\Shop.UIClassic.csproj", "{1A2C7529-B481-4D6E-91F8-7F88D976ED62}"
EndProject
Project("{FAE04EC0-301F-11D3-BF4B-00C04F79EFBC}") = "Shop.UIClassic.Android", "Shop.UIClassic.Android\Shop.UIClassic.Android.csproj", "{65F1F193-61D5-4A3E-BB7C-31E010FFF348}"
EndProject
Project("{FAE04EC0-301F-11D3-BF4B-00C04F79EFBC}") = "Shop.UIClassic.iOS", "Shop.UIClassic.iOS\Shop.UIClassic.iOS.csproj", "{80A96B52-6758-4BDB-B0B4-CEA4CA155C60}"
EndProject
Project("{2150E333-8FDC-42A3-9474-1A3956D46DE8}") = "General", "General", "{AC6A014A-108F-4F61-BB90-0C483133CA43}"
	ProjectSection(SolutionItems) = preProject
		General\4. Programacion Distribuida.pdf = General\4. Programacion Distribuida.pdf
		General\_NET CORE _ XAMARIN FORMS _ XAMARIN CLASSIC _ MVVM CROSS.docx = General\_NET CORE _ XAMARIN FORMS _ XAMARIN CLASSIC _ MVVM CROSS.docx
		General\Azure Hub Notifications y Xamarin.pptx = General\Azure Hub Notifications y Xamarin.pptx
		General\Cargar Imágenes con tipo de extensión SVG.docx = General\Cargar Imágenes con tipo de extensión SVG.docx
		General\Configuración del Ambiente de Desarrollo para Xamarin (v5).docx = General\Configuración del Ambiente de Desarrollo para Xamarin (v5).docx
		General\Demo SQLite Relations.docx = General\Demo SQLite Relations.docx
		General\Envió de notificaciones Push en Xamarin Forms (v2).docx = General\Envió de notificaciones Push en Xamarin Forms (v2).docx
		General\Facebook Login with Xamarin (V2).docx = General\Facebook Login with Xamarin (V2).docx
		General\Formato Poster 70x100cm.pptx = General\Formato Poster 70x100cm.pptx
		General\impresionesRapidas.jpg = General\impresionesRapidas.jpg
		General\Lo que sigue.docx = General\Lo que sigue.docx
		General\MVC.docx = General\MVC.docx
		General\MVVM Cross (v5).docx = General\MVVM Cross (v5).docx
		General\MVVM Cross (v6).docx = General\MVVM Cross (v6).docx
		General\MVVM.docx = General\MVVM.docx
		General\Programación Distribuida - Presentación del Curso _ Primera Clase.pptx = General\Programación Distribuida - Presentación del Curso _ Primera Clase.pptx
		General\Resource Manager.docx = General\Resource Manager.docx
		General\Tomar Fotos y Acceder a la Galería.docx = General\Tomar Fotos y Acceder a la Galería.docx
		General\Xamarin Forms Multi Lenguage.docx = General\Xamarin Forms Multi Lenguage.docx
		General\Xamarin Introduction.pptx = General\Xamarin Introduction.pptx
	EndProjectSection
EndProject
Global
	GlobalSection(SolutionConfigurationPlatforms) = preSolution
		Ad-Hoc|Any CPU = Ad-Hoc|Any CPU
		Ad-Hoc|iPhone = Ad-Hoc|iPhone
		Ad-Hoc|iPhoneSimulator = Ad-Hoc|iPhoneSimulator
		AppStore|Any CPU = AppStore|Any CPU
		AppStore|iPhone = AppStore|iPhone
		AppStore|iPhoneSimulator = AppStore|iPhoneSimulator
		Debug|Any CPU = Debug|Any CPU
		Debug|iPhone = Debug|iPhone
		Debug|iPhoneSimulator = Debug|iPhoneSimulator
		Release|Any CPU = Release|Any CPU
		Release|iPhone = Release|iPhone
		Release|iPhoneSimulator = Release|iPhoneSimulator
	EndGlobalSection
	GlobalSection(ProjectConfigurationPlatforms) = postSolution
		{F318A1EA-D173-412B-8689-ED72B89176E5}.Ad-Hoc|Any CPU.ActiveCfg = Debug|Any CPU
		{F318A1EA-D173-412B-8689-ED72B89176E5}.Ad-Hoc|Any CPU.Build.0 = Debug|Any CPU
		{F318A1EA-D173-412B-8689-ED72B89176E5}.Ad-Hoc|iPhone.ActiveCfg = Debug|Any CPU
		{F318A1EA-D173-412B-8689-ED72B89176E5}.Ad-Hoc|iPhone.Build.0 = Debug|Any CPU
		{F318A1EA-D173-412B-8689-ED72B89176E5}.Ad-Hoc|iPhoneSimulator.ActiveCfg = Debug|Any CPU
		{F318A1EA-D173-412B-8689-ED72B89176E5}.Ad-Hoc|iPhoneSimulator.Build.0 = Debug|Any CPU
		{F318A1EA-D173-412B-8689-ED72B89176E5}.AppStore|Any CPU.ActiveCfg = Debug|Any CPU
		{F318A1EA-D173-412B-8689-ED72B89176E5}.AppStore|Any CPU.Build.0 = Debug|Any CPU
		{F318A1EA-D173-412B-8689-ED72B89176E5}.AppStore|iPhone.ActiveCfg = Debug|Any CPU
		{F318A1EA-D173-412B-8689-ED72B89176E5}.AppStore|iPhone.Build.0 = Debug|Any CPU
		{F318A1EA-D173-412B-8689-ED72B89176E5}.AppStore|iPhoneSimulator.ActiveCfg = Debug|Any CPU
		{F318A1EA-D173-412B-8689-ED72B89176E5}.AppStore|iPhoneSimulator.Build.0 = Debug|Any CPU
		{F318A1EA-D173-412B-8689-ED72B89176E5}.Debug|Any CPU.ActiveCfg = Debug|Any CPU
		{F318A1EA-D173-412B-8689-ED72B89176E5}.Debug|Any CPU.Build.0 = Debug|Any CPU
		{F318A1EA-D173-412B-8689-ED72B89176E5}.Debug|iPhone.ActiveCfg = Debug|Any CPU
		{F318A1EA-D173-412B-8689-ED72B89176E5}.Debug|iPhone.Build.0 = Debug|Any CPU
		{F318A1EA-D173-412B-8689-ED72B89176E5}.Debug|iPhoneSimulator.ActiveCfg = Debug|Any CPU
		{F318A1EA-D173-412B-8689-ED72B89176E5}.Debug|iPhoneSimulator.Build.0 = Debug|Any CPU
		{F318A1EA-D173-412B-8689-ED72B89176E5}.Release|Any CPU.ActiveCfg = Release|Any CPU
		{F318A1EA-D173-412B-8689-ED72B89176E5}.Release|Any CPU.Build.0 = Release|Any CPU
		{F318A1EA-D173-412B-8689-ED72B89176E5}.Release|iPhone.ActiveCfg = Release|Any CPU
		{F318A1EA-D173-412B-8689-ED72B89176E5}.Release|iPhone.Build.0 = Release|Any CPU
		{F318A1EA-D173-412B-8689-ED72B89176E5}.Release|iPhoneSimulator.ActiveCfg = Release|Any CPU
		{F318A1EA-D173-412B-8689-ED72B89176E5}.Release|iPhoneSimulator.Build.0 = Release|Any CPU
		{CDBED172-C102-4468-AB57-8D11DCFC7F31}.Ad-Hoc|Any CPU.ActiveCfg = Debug|Any CPU
		{CDBED172-C102-4468-AB57-8D11DCFC7F31}.Ad-Hoc|Any CPU.Build.0 = Debug|Any CPU
		{CDBED172-C102-4468-AB57-8D11DCFC7F31}.Ad-Hoc|iPhone.ActiveCfg = Debug|Any CPU
		{CDBED172-C102-4468-AB57-8D11DCFC7F31}.Ad-Hoc|iPhone.Build.0 = Debug|Any CPU
		{CDBED172-C102-4468-AB57-8D11DCFC7F31}.Ad-Hoc|iPhoneSimulator.ActiveCfg = Debug|Any CPU
		{CDBED172-C102-4468-AB57-8D11DCFC7F31}.Ad-Hoc|iPhoneSimulator.Build.0 = Debug|Any CPU
		{CDBED172-C102-4468-AB57-8D11DCFC7F31}.AppStore|Any CPU.ActiveCfg = Debug|Any CPU
		{CDBED172-C102-4468-AB57-8D11DCFC7F31}.AppStore|Any CPU.Build.0 = Debug|Any CPU
		{CDBED172-C102-4468-AB57-8D11DCFC7F31}.AppStore|iPhone.ActiveCfg = Debug|Any CPU
		{CDBED172-C102-4468-AB57-8D11DCFC7F31}.AppStore|iPhone.Build.0 = Debug|Any CPU
		{CDBED172-C102-4468-AB57-8D11DCFC7F31}.AppStore|iPhoneSimulator.ActiveCfg = Debug|Any CPU
		{CDBED172-C102-4468-AB57-8D11DCFC7F31}.AppStore|iPhoneSimulator.Build.0 = Debug|Any CPU
		{CDBED172-C102-4468-AB57-8D11DCFC7F31}.Debug|Any CPU.ActiveCfg = Debug|Any CPU
		{CDBED172-C102-4468-AB57-8D11DCFC7F31}.Debug|Any CPU.Build.0 = Debug|Any CPU
		{CDBED172-C102-4468-AB57-8D11DCFC7F31}.Debug|iPhone.ActiveCfg = Debug|Any CPU
		{CDBED172-C102-4468-AB57-8D11DCFC7F31}.Debug|iPhone.Build.0 = Debug|Any CPU
		{CDBED172-C102-4468-AB57-8D11DCFC7F31}.Debug|iPhoneSimulator.ActiveCfg = Debug|Any CPU
		{CDBED172-C102-4468-AB57-8D11DCFC7F31}.Debug|iPhoneSimulator.Build.0 = Debug|Any CPU
		{CDBED172-C102-4468-AB57-8D11DCFC7F31}.Release|Any CPU.ActiveCfg = Release|Any CPU
		{CDBED172-C102-4468-AB57-8D11DCFC7F31}.Release|Any CPU.Build.0 = Release|Any CPU
		{CDBED172-C102-4468-AB57-8D11DCFC7F31}.Release|iPhone.ActiveCfg = Release|Any CPU
		{CDBED172-C102-4468-AB57-8D11DCFC7F31}.Release|iPhone.Build.0 = Release|Any CPU
		{CDBED172-C102-4468-AB57-8D11DCFC7F31}.Release|iPhoneSimulator.ActiveCfg = Release|Any CPU
		{CDBED172-C102-4468-AB57-8D11DCFC7F31}.Release|iPhoneSimulator.Build.0 = Release|Any CPU
		{A9211B63-E325-48ED-9C28-65A7606B8EEB}.Ad-Hoc|Any CPU.ActiveCfg = Release|Any CPU
		{A9211B63-E325-48ED-9C28-65A7606B8EEB}.Ad-Hoc|Any CPU.Build.0 = Release|Any CPU
		{A9211B63-E325-48ED-9C28-65A7606B8EEB}.Ad-Hoc|Any CPU.Deploy.0 = Release|Any CPU
		{A9211B63-E325-48ED-9C28-65A7606B8EEB}.Ad-Hoc|iPhone.ActiveCfg = Release|Any CPU
		{A9211B63-E325-48ED-9C28-65A7606B8EEB}.Ad-Hoc|iPhone.Build.0 = Release|Any CPU
		{A9211B63-E325-48ED-9C28-65A7606B8EEB}.Ad-Hoc|iPhone.Deploy.0 = Release|Any CPU
		{A9211B63-E325-48ED-9C28-65A7606B8EEB}.Ad-Hoc|iPhoneSimulator.ActiveCfg = Release|Any CPU
		{A9211B63-E325-48ED-9C28-65A7606B8EEB}.Ad-Hoc|iPhoneSimulator.Build.0 = Release|Any CPU
		{A9211B63-E325-48ED-9C28-65A7606B8EEB}.Ad-Hoc|iPhoneSimulator.Deploy.0 = Release|Any CPU
		{A9211B63-E325-48ED-9C28-65A7606B8EEB}.AppStore|Any CPU.ActiveCfg = Release|Any CPU
		{A9211B63-E325-48ED-9C28-65A7606B8EEB}.AppStore|Any CPU.Build.0 = Release|Any CPU
		{A9211B63-E325-48ED-9C28-65A7606B8EEB}.AppStore|Any CPU.Deploy.0 = Release|Any CPU
		{A9211B63-E325-48ED-9C28-65A7606B8EEB}.AppStore|iPhone.ActiveCfg = Release|Any CPU
		{A9211B63-E325-48ED-9C28-65A7606B8EEB}.AppStore|iPhone.Build.0 = Release|Any CPU
		{A9211B63-E325-48ED-9C28-65A7606B8EEB}.AppStore|iPhone.Deploy.0 = Release|Any CPU
		{A9211B63-E325-48ED-9C28-65A7606B8EEB}.AppStore|iPhoneSimulator.ActiveCfg = Release|Any CPU
		{A9211B63-E325-48ED-9C28-65A7606B8EEB}.AppStore|iPhoneSimulator.Build.0 = Release|Any CPU
		{A9211B63-E325-48ED-9C28-65A7606B8EEB}.AppStore|iPhoneSimulator.Deploy.0 = Release|Any CPU
		{A9211B63-E325-48ED-9C28-65A7606B8EEB}.Debug|Any CPU.ActiveCfg = Debug|Any CPU
		{A9211B63-E325-48ED-9C28-65A7606B8EEB}.Debug|Any CPU.Build.0 = Debug|Any CPU
		{A9211B63-E325-48ED-9C28-65A7606B8EEB}.Debug|Any CPU.Deploy.0 = Debug|Any CPU
		{A9211B63-E325-48ED-9C28-65A7606B8EEB}.Debug|iPhone.ActiveCfg = Debug|Any CPU
		{A9211B63-E325-48ED-9C28-65A7606B8EEB}.Debug|iPhone.Build.0 = Debug|Any CPU
		{A9211B63-E325-48ED-9C28-65A7606B8EEB}.Debug|iPhone.Deploy.0 = Debug|Any CPU
		{A9211B63-E325-48ED-9C28-65A7606B8EEB}.Debug|iPhoneSimulator.ActiveCfg = Debug|Any CPU
		{A9211B63-E325-48ED-9C28-65A7606B8EEB}.Debug|iPhoneSimulator.Build.0 = Debug|Any CPU
		{A9211B63-E325-48ED-9C28-65A7606B8EEB}.Debug|iPhoneSimulator.Deploy.0 = Debug|Any CPU
		{A9211B63-E325-48ED-9C28-65A7606B8EEB}.Release|Any CPU.ActiveCfg = Release|Any CPU
		{A9211B63-E325-48ED-9C28-65A7606B8EEB}.Release|Any CPU.Build.0 = Release|Any CPU
		{A9211B63-E325-48ED-9C28-65A7606B8EEB}.Release|Any CPU.Deploy.0 = Release|Any CPU
		{A9211B63-E325-48ED-9C28-65A7606B8EEB}.Release|iPhone.ActiveCfg = Release|Any CPU
		{A9211B63-E325-48ED-9C28-65A7606B8EEB}.Release|iPhone.Build.0 = Release|Any CPU
		{A9211B63-E325-48ED-9C28-65A7606B8EEB}.Release|iPhone.Deploy.0 = Release|Any CPU
		{A9211B63-E325-48ED-9C28-65A7606B8EEB}.Release|iPhoneSimulator.ActiveCfg = Release|Any CPU
		{A9211B63-E325-48ED-9C28-65A7606B8EEB}.Release|iPhoneSimulator.Build.0 = Release|Any CPU
		{A9211B63-E325-48ED-9C28-65A7606B8EEB}.Release|iPhoneSimulator.Deploy.0 = Release|Any CPU
		{F83C4337-5554-4BDC-95D2-509B2AEA4583}.Ad-Hoc|Any CPU.ActiveCfg = Ad-Hoc|iPhone
		{F83C4337-5554-4BDC-95D2-509B2AEA4583}.Ad-Hoc|iPhone.ActiveCfg = Ad-Hoc|iPhone
		{F83C4337-5554-4BDC-95D2-509B2AEA4583}.Ad-Hoc|iPhone.Build.0 = Ad-Hoc|iPhone
		{F83C4337-5554-4BDC-95D2-509B2AEA4583}.Ad-Hoc|iPhoneSimulator.ActiveCfg = Ad-Hoc|iPhoneSimulator
		{F83C4337-5554-4BDC-95D2-509B2AEA4583}.Ad-Hoc|iPhoneSimulator.Build.0 = Ad-Hoc|iPhoneSimulator
		{F83C4337-5554-4BDC-95D2-509B2AEA4583}.AppStore|Any CPU.ActiveCfg = AppStore|iPhone
		{F83C4337-5554-4BDC-95D2-509B2AEA4583}.AppStore|iPhone.ActiveCfg = AppStore|iPhone
		{F83C4337-5554-4BDC-95D2-509B2AEA4583}.AppStore|iPhone.Build.0 = AppStore|iPhone
		{F83C4337-5554-4BDC-95D2-509B2AEA4583}.AppStore|iPhoneSimulator.ActiveCfg = AppStore|iPhoneSimulator
		{F83C4337-5554-4BDC-95D2-509B2AEA4583}.AppStore|iPhoneSimulator.Build.0 = AppStore|iPhoneSimulator
		{F83C4337-5554-4BDC-95D2-509B2AEA4583}.Debug|Any CPU.ActiveCfg = Debug|iPhone
		{F83C4337-5554-4BDC-95D2-509B2AEA4583}.Debug|iPhone.ActiveCfg = Debug|iPhone
		{F83C4337-5554-4BDC-95D2-509B2AEA4583}.Debug|iPhone.Build.0 = Debug|iPhone
		{F83C4337-5554-4BDC-95D2-509B2AEA4583}.Debug|iPhoneSimulator.ActiveCfg = Debug|iPhoneSimulator
		{F83C4337-5554-4BDC-95D2-509B2AEA4583}.Debug|iPhoneSimulator.Build.0 = Debug|iPhoneSimulator
		{F83C4337-5554-4BDC-95D2-509B2AEA4583}.Release|Any CPU.ActiveCfg = Release|iPhone
		{F83C4337-5554-4BDC-95D2-509B2AEA4583}.Release|iPhone.ActiveCfg = Release|iPhone
		{F83C4337-5554-4BDC-95D2-509B2AEA4583}.Release|iPhone.Build.0 = Release|iPhone
		{F83C4337-5554-4BDC-95D2-509B2AEA4583}.Release|iPhoneSimulator.ActiveCfg = Release|iPhoneSimulator
		{F83C4337-5554-4BDC-95D2-509B2AEA4583}.Release|iPhoneSimulator.Build.0 = Release|iPhoneSimulator
		{249A5CCA-C6A8-4287-BA1F-20BA6B6D8D06}.Ad-Hoc|Any CPU.ActiveCfg = Debug|Any CPU
		{249A5CCA-C6A8-4287-BA1F-20BA6B6D8D06}.Ad-Hoc|Any CPU.Build.0 = Debug|Any CPU
		{249A5CCA-C6A8-4287-BA1F-20BA6B6D8D06}.Ad-Hoc|iPhone.ActiveCfg = Debug|Any CPU
		{249A5CCA-C6A8-4287-BA1F-20BA6B6D8D06}.Ad-Hoc|iPhone.Build.0 = Debug|Any CPU
		{249A5CCA-C6A8-4287-BA1F-20BA6B6D8D06}.Ad-Hoc|iPhoneSimulator.ActiveCfg = Debug|Any CPU
		{249A5CCA-C6A8-4287-BA1F-20BA6B6D8D06}.Ad-Hoc|iPhoneSimulator.Build.0 = Debug|Any CPU
		{249A5CCA-C6A8-4287-BA1F-20BA6B6D8D06}.AppStore|Any CPU.ActiveCfg = Debug|Any CPU
		{249A5CCA-C6A8-4287-BA1F-20BA6B6D8D06}.AppStore|Any CPU.Build.0 = Debug|Any CPU
		{249A5CCA-C6A8-4287-BA1F-20BA6B6D8D06}.AppStore|iPhone.ActiveCfg = Debug|Any CPU
		{249A5CCA-C6A8-4287-BA1F-20BA6B6D8D06}.AppStore|iPhone.Build.0 = Debug|Any CPU
		{249A5CCA-C6A8-4287-BA1F-20BA6B6D8D06}.AppStore|iPhoneSimulator.ActiveCfg = Debug|Any CPU
		{249A5CCA-C6A8-4287-BA1F-20BA6B6D8D06}.AppStore|iPhoneSimulator.Build.0 = Debug|Any CPU
		{249A5CCA-C6A8-4287-BA1F-20BA6B6D8D06}.Debug|Any CPU.ActiveCfg = Debug|Any CPU
		{249A5CCA-C6A8-4287-BA1F-20BA6B6D8D06}.Debug|Any CPU.Build.0 = Debug|Any CPU
		{249A5CCA-C6A8-4287-BA1F-20BA6B6D8D06}.Debug|iPhone.ActiveCfg = Debug|Any CPU
		{249A5CCA-C6A8-4287-BA1F-20BA6B6D8D06}.Debug|iPhone.Build.0 = Debug|Any CPU
		{249A5CCA-C6A8-4287-BA1F-20BA6B6D8D06}.Debug|iPhoneSimulator.ActiveCfg = Debug|Any CPU
		{249A5CCA-C6A8-4287-BA1F-20BA6B6D8D06}.Debug|iPhoneSimulator.Build.0 = Debug|Any CPU
		{249A5CCA-C6A8-4287-BA1F-20BA6B6D8D06}.Release|Any CPU.ActiveCfg = Release|Any CPU
		{249A5CCA-C6A8-4287-BA1F-20BA6B6D8D06}.Release|Any CPU.Build.0 = Release|Any CPU
		{249A5CCA-C6A8-4287-BA1F-20BA6B6D8D06}.Release|iPhone.ActiveCfg = Release|Any CPU
		{249A5CCA-C6A8-4287-BA1F-20BA6B6D8D06}.Release|iPhone.Build.0 = Release|Any CPU
		{249A5CCA-C6A8-4287-BA1F-20BA6B6D8D06}.Release|iPhoneSimulator.ActiveCfg = Release|Any CPU
		{249A5CCA-C6A8-4287-BA1F-20BA6B6D8D06}.Release|iPhoneSimulator.Build.0 = Release|Any CPU
		{1A2C7529-B481-4D6E-91F8-7F88D976ED62}.Ad-Hoc|Any CPU.ActiveCfg = Debug|Any CPU
		{1A2C7529-B481-4D6E-91F8-7F88D976ED62}.Ad-Hoc|Any CPU.Build.0 = Debug|Any CPU
		{1A2C7529-B481-4D6E-91F8-7F88D976ED62}.Ad-Hoc|iPhone.ActiveCfg = Debug|Any CPU
		{1A2C7529-B481-4D6E-91F8-7F88D976ED62}.Ad-Hoc|iPhone.Build.0 = Debug|Any CPU
		{1A2C7529-B481-4D6E-91F8-7F88D976ED62}.Ad-Hoc|iPhoneSimulator.ActiveCfg = Debug|Any CPU
		{1A2C7529-B481-4D6E-91F8-7F88D976ED62}.Ad-Hoc|iPhoneSimulator.Build.0 = Debug|Any CPU
		{1A2C7529-B481-4D6E-91F8-7F88D976ED62}.AppStore|Any CPU.ActiveCfg = Debug|Any CPU
		{1A2C7529-B481-4D6E-91F8-7F88D976ED62}.AppStore|Any CPU.Build.0 = Debug|Any CPU
		{1A2C7529-B481-4D6E-91F8-7F88D976ED62}.AppStore|iPhone.ActiveCfg = Debug|Any CPU
		{1A2C7529-B481-4D6E-91F8-7F88D976ED62}.AppStore|iPhone.Build.0 = Debug|Any CPU
		{1A2C7529-B481-4D6E-91F8-7F88D976ED62}.AppStore|iPhoneSimulator.ActiveCfg = Debug|Any CPU
		{1A2C7529-B481-4D6E-91F8-7F88D976ED62}.AppStore|iPhoneSimulator.Build.0 = Debug|Any CPU
		{1A2C7529-B481-4D6E-91F8-7F88D976ED62}.Debug|Any CPU.ActiveCfg = Debug|Any CPU
		{1A2C7529-B481-4D6E-91F8-7F88D976ED62}.Debug|Any CPU.Build.0 = Debug|Any CPU
		{1A2C7529-B481-4D6E-91F8-7F88D976ED62}.Debug|iPhone.ActiveCfg = Debug|Any CPU
		{1A2C7529-B481-4D6E-91F8-7F88D976ED62}.Debug|iPhone.Build.0 = Debug|Any CPU
		{1A2C7529-B481-4D6E-91F8-7F88D976ED62}.Debug|iPhoneSimulator.ActiveCfg = Debug|Any CPU
		{1A2C7529-B481-4D6E-91F8-7F88D976ED62}.Debug|iPhoneSimulator.Build.0 = Debug|Any CPU
		{1A2C7529-B481-4D6E-91F8-7F88D976ED62}.Release|Any CPU.ActiveCfg = Release|Any CPU
		{1A2C7529-B481-4D6E-91F8-7F88D976ED62}.Release|Any CPU.Build.0 = Release|Any CPU
		{1A2C7529-B481-4D6E-91F8-7F88D976ED62}.Release|iPhone.ActiveCfg = Release|Any CPU
		{1A2C7529-B481-4D6E-91F8-7F88D976ED62}.Release|iPhone.Build.0 = Release|Any CPU
		{1A2C7529-B481-4D6E-91F8-7F88D976ED62}.Release|iPhoneSimulator.ActiveCfg = Release|Any CPU
		{1A2C7529-B481-4D6E-91F8-7F88D976ED62}.Release|iPhoneSimulator.Build.0 = Release|Any CPU
		{65F1F193-61D5-4A3E-BB7C-31E010FFF348}.Ad-Hoc|Any CPU.ActiveCfg = Release|Any CPU
		{65F1F193-61D5-4A3E-BB7C-31E010FFF348}.Ad-Hoc|Any CPU.Build.0 = Release|Any CPU
		{65F1F193-61D5-4A3E-BB7C-31E010FFF348}.Ad-Hoc|Any CPU.Deploy.0 = Release|Any CPU
		{65F1F193-61D5-4A3E-BB7C-31E010FFF348}.Ad-Hoc|iPhone.ActiveCfg = Release|Any CPU
		{65F1F193-61D5-4A3E-BB7C-31E010FFF348}.Ad-Hoc|iPhone.Build.0 = Release|Any CPU
		{65F1F193-61D5-4A3E-BB7C-31E010FFF348}.Ad-Hoc|iPhone.Deploy.0 = Release|Any CPU
		{65F1F193-61D5-4A3E-BB7C-31E010FFF348}.Ad-Hoc|iPhoneSimulator.ActiveCfg = Release|Any CPU
		{65F1F193-61D5-4A3E-BB7C-31E010FFF348}.Ad-Hoc|iPhoneSimulator.Build.0 = Release|Any CPU
		{65F1F193-61D5-4A3E-BB7C-31E010FFF348}.Ad-Hoc|iPhoneSimulator.Deploy.0 = Release|Any CPU
		{65F1F193-61D5-4A3E-BB7C-31E010FFF348}.AppStore|Any CPU.ActiveCfg = Release|Any CPU
		{65F1F193-61D5-4A3E-BB7C-31E010FFF348}.AppStore|Any CPU.Build.0 = Release|Any CPU
		{65F1F193-61D5-4A3E-BB7C-31E010FFF348}.AppStore|Any CPU.Deploy.0 = Release|Any CPU
		{65F1F193-61D5-4A3E-BB7C-31E010FFF348}.AppStore|iPhone.ActiveCfg = Release|Any CPU
		{65F1F193-61D5-4A3E-BB7C-31E010FFF348}.AppStore|iPhone.Build.0 = Release|Any CPU
		{65F1F193-61D5-4A3E-BB7C-31E010FFF348}.AppStore|iPhone.Deploy.0 = Release|Any CPU
		{65F1F193-61D5-4A3E-BB7C-31E010FFF348}.AppStore|iPhoneSimulator.ActiveCfg = Release|Any CPU
		{65F1F193-61D5-4A3E-BB7C-31E010FFF348}.AppStore|iPhoneSimulator.Build.0 = Release|Any CPU
		{65F1F193-61D5-4A3E-BB7C-31E010FFF348}.AppStore|iPhoneSimulator.Deploy.0 = Release|Any CPU
		{65F1F193-61D5-4A3E-BB7C-31E010FFF348}.Debug|Any CPU.ActiveCfg = Debug|Any CPU
		{65F1F193-61D5-4A3E-BB7C-31E010FFF348}.Debug|Any CPU.Build.0 = Debug|Any CPU
		{65F1F193-61D5-4A3E-BB7C-31E010FFF348}.Debug|Any CPU.Deploy.0 = Debug|Any CPU
		{65F1F193-61D5-4A3E-BB7C-31E010FFF348}.Debug|iPhone.ActiveCfg = Debug|Any CPU
		{65F1F193-61D5-4A3E-BB7C-31E010FFF348}.Debug|iPhone.Build.0 = Debug|Any CPU
		{65F1F193-61D5-4A3E-BB7C-31E010FFF348}.Debug|iPhone.Deploy.0 = Debug|Any CPU
		{65F1F193-61D5-4A3E-BB7C-31E010FFF348}.Debug|iPhoneSimulator.ActiveCfg = Debug|Any CPU
		{65F1F193-61D5-4A3E-BB7C-31E010FFF348}.Debug|iPhoneSimulator.Build.0 = Debug|Any CPU
		{65F1F193-61D5-4A3E-BB7C-31E010FFF348}.Debug|iPhoneSimulator.Deploy.0 = Debug|Any CPU
		{65F1F193-61D5-4A3E-BB7C-31E010FFF348}.Release|Any CPU.ActiveCfg = Release|Any CPU
		{65F1F193-61D5-4A3E-BB7C-31E010FFF348}.Release|Any CPU.Build.0 = Release|Any CPU
		{65F1F193-61D5-4A3E-BB7C-31E010FFF348}.Release|Any CPU.Deploy.0 = Release|Any CPU
		{65F1F193-61D5-4A3E-BB7C-31E010FFF348}.Release|iPhone.ActiveCfg = Release|Any CPU
		{65F1F193-61D5-4A3E-BB7C-31E010FFF348}.Release|iPhone.Build.0 = Release|Any CPU
		{65F1F193-61D5-4A3E-BB7C-31E010FFF348}.Release|iPhone.Deploy.0 = Release|Any CPU
		{65F1F193-61D5-4A3E-BB7C-31E010FFF348}.Release|iPhoneSimulator.ActiveCfg = Release|Any CPU
		{65F1F193-61D5-4A3E-BB7C-31E010FFF348}.Release|iPhoneSimulator.Build.0 = Release|Any CPU
		{65F1F193-61D5-4A3E-BB7C-31E010FFF348}.Release|iPhoneSimulator.Deploy.0 = Release|Any CPU
		{80A96B52-6758-4BDB-B0B4-CEA4CA155C60}.Ad-Hoc|Any CPU.ActiveCfg = Release|iPhone
		{80A96B52-6758-4BDB-B0B4-CEA4CA155C60}.Ad-Hoc|Any CPU.Build.0 = Release|iPhone
		{80A96B52-6758-4BDB-B0B4-CEA4CA155C60}.Ad-Hoc|iPhone.ActiveCfg = Release|iPhone
		{80A96B52-6758-4BDB-B0B4-CEA4CA155C60}.Ad-Hoc|iPhone.Build.0 = Release|iPhone
		{80A96B52-6758-4BDB-B0B4-CEA4CA155C60}.Ad-Hoc|iPhoneSimulator.ActiveCfg = Release|iPhoneSimulator
		{80A96B52-6758-4BDB-B0B4-CEA4CA155C60}.Ad-Hoc|iPhoneSimulator.Build.0 = Release|iPhoneSimulator
		{80A96B52-6758-4BDB-B0B4-CEA4CA155C60}.AppStore|Any CPU.ActiveCfg = Release|iPhone
		{80A96B52-6758-4BDB-B0B4-CEA4CA155C60}.AppStore|Any CPU.Build.0 = Release|iPhone
		{80A96B52-6758-4BDB-B0B4-CEA4CA155C60}.AppStore|iPhone.ActiveCfg = Release|iPhone
		{80A96B52-6758-4BDB-B0B4-CEA4CA155C60}.AppStore|iPhone.Build.0 = Release|iPhone
		{80A96B52-6758-4BDB-B0B4-CEA4CA155C60}.AppStore|iPhoneSimulator.ActiveCfg = Release|iPhoneSimulator
		{80A96B52-6758-4BDB-B0B4-CEA4CA155C60}.AppStore|iPhoneSimulator.Build.0 = Release|iPhoneSimulator
		{80A96B52-6758-4BDB-B0B4-CEA4CA155C60}.Debug|Any CPU.ActiveCfg = Debug|iPhone
		{80A96B52-6758-4BDB-B0B4-CEA4CA155C60}.Debug|iPhone.ActiveCfg = Debug|iPhone
		{80A96B52-6758-4BDB-B0B4-CEA4CA155C60}.Debug|iPhone.Build.0 = Debug|iPhone
		{80A96B52-6758-4BDB-B0B4-CEA4CA155C60}.Debug|iPhoneSimulator.ActiveCfg = Debug|iPhoneSimulator
		{80A96B52-6758-4BDB-B0B4-CEA4CA155C60}.Debug|iPhoneSimulator.Build.0 = Debug|iPhoneSimulator
		{80A96B52-6758-4BDB-B0B4-CEA4CA155C60}.Release|Any CPU.ActiveCfg = Release|iPhone
		{80A96B52-6758-4BDB-B0B4-CEA4CA155C60}.Release|iPhone.ActiveCfg = Release|iPhone
		{80A96B52-6758-4BDB-B0B4-CEA4CA155C60}.Release|iPhone.Build.0 = Release|iPhone
		{80A96B52-6758-4BDB-B0B4-CEA4CA155C60}.Release|iPhoneSimulator.ActiveCfg = Release|iPhoneSimulator
		{80A96B52-6758-4BDB-B0B4-CEA4CA155C60}.Release|iPhoneSimulator.Build.0 = Release|iPhoneSimulator
	EndGlobalSection
	GlobalSection(SolutionProperties) = preSolution
		HideSolutionNode = FALSE
	EndGlobalSection
	GlobalSection(NestedProjects) = preSolution
		{CDBED172-C102-4468-AB57-8D11DCFC7F31} = {DCE9320B-E0FA-4DED-A46C-611B47788543}
		{94D872DE-6F31-4346-979C-05076D5DD2C7} = {DE271FC9-24B7-4D85-BEEE-14F23206337E}
		{76DE60B3-AD97-4B97-BF9B-749DA098178C} = {DE271FC9-24B7-4D85-BEEE-14F23206337E}
		{A9211B63-E325-48ED-9C28-65A7606B8EEB} = {94D872DE-6F31-4346-979C-05076D5DD2C7}
		{F83C4337-5554-4BDC-95D2-509B2AEA4583} = {94D872DE-6F31-4346-979C-05076D5DD2C7}
		{249A5CCA-C6A8-4287-BA1F-20BA6B6D8D06} = {94D872DE-6F31-4346-979C-05076D5DD2C7}
		{1A2C7529-B481-4D6E-91F8-7F88D976ED62} = {76DE60B3-AD97-4B97-BF9B-749DA098178C}
		{65F1F193-61D5-4A3E-BB7C-31E010FFF348} = {76DE60B3-AD97-4B97-BF9B-749DA098178C}
		{80A96B52-6758-4BDB-B0B4-CEA4CA155C60} = {76DE60B3-AD97-4B97-BF9B-749DA098178C}
		{AC6A014A-108F-4F61-BB90-0C483133CA43} = {9AE9CD3F-6EE9-44A5-8451-BEACC9B7A2ED}
	EndGlobalSection
	GlobalSection(ExtensibilityGlobals) = postSolution
		SolutionGuid = {C0D53BAB-76F9-4CD9-B3EA-5487A15458AD}
	EndGlobalSection
EndGlobal
